// !$*UTF8*$!
{
	archiveVersion = 1;
	classes = {
	};
	objectVersion = 50;
	objects = {

/* Begin PBXBuildFile section */
		9A44494A264170A3008DAC51 /* SwiftUIBulleyeV1App.swift in Sources */ = {isa = PBXBuildFile; fileRef = 9A444949264170A3008DAC51 /* SwiftUIBulleyeV1App.swift */; };
		9A44494C264170A3008DAC51 /* ContentView.swift in Sources */ = {isa = PBXBuildFile; fileRef = 9A44494B264170A3008DAC51 /* ContentView.swift */; };
		9A44494E264170A6008DAC51 /* Assets.xcassets in Resources */ = {isa = PBXBuildFile; fileRef = 9A44494D264170A6008DAC51 /* Assets.xcassets */; };
		9A444951264170A6008DAC51 /* Preview Assets.xcassets in Resources */ = {isa = PBXBuildFile; fileRef = 9A444950264170A6008DAC51 /* Preview Assets.xcassets */; };
		9A44495C264170A6008DAC51 /* SwiftUIBulleyeV1Tests.swift in Sources */ = {isa = PBXBuildFile; fileRef = 9A44495B264170A6008DAC51 /* SwiftUIBulleyeV1Tests.swift */; };
		9A444967264170A6008DAC51 /* SwiftUIBulleyeV1UITests.swift in Sources */ = {isa = PBXBuildFile; fileRef = 9A444966264170A6008DAC51 /* SwiftUIBulleyeV1UITests.swift */; };
		9ABD5C4826592554003E82D8 /* AboutView.swift in Sources */ = {isa = PBXBuildFile; fileRef = 9ABD5C4726592554003E82D8 /* AboutView.swift */; };
/* End PBXBuildFile section */

/* Begin PBXContainerItemProxy section */
		9A444958264170A6008DAC51 /* PBXContainerItemProxy */ = {
			isa = PBXContainerItemProxy;
			containerPortal = 9A44493E264170A3008DAC51 /* Project object */;
			proxyType = 1;
			remoteGlobalIDString = 9A444945264170A3008DAC51;
			remoteInfo = SwiftUIBulleyeV1;
		};
		9A444963264170A6008DAC51 /* PBXContainerItemProxy */ = {
			isa = PBXContainerItemProxy;
			containerPortal = 9A44493E264170A3008DAC51 /* Project object */;
			proxyType = 1;
			remoteGlobalIDString = 9A444945264170A3008DAC51;
			remoteInfo = SwiftUIBulleyeV1;
		};
/* End PBXContainerItemProxy section */

/* Begin PBXFileReference section */
		9A444946264170A3008DAC51 /* SwiftUIBulleyeV1.app */ = {isa = PBXFileReference; explicitFileType = wrapper.application; includeInIndex = 0; path = SwiftUIBulleyeV1.app; sourceTree = BUILT_PRODUCTS_DIR; };
		9A444949264170A3008DAC51 /* SwiftUIBulleyeV1App.swift */ = {isa = PBXFileReference; lastKnownFileType = sourcecode.swift; path = SwiftUIBulleyeV1App.swift; sourceTree = "<group>"; };
		9A44494B264170A3008DAC51 /* ContentView.swift */ = {isa = PBXFileReference; lastKnownFileType = sourcecode.swift; path = ContentView.swift; sourceTree = "<group>"; };
		9A44494D264170A6008DAC51 /* Assets.xcassets */ = {isa = PBXFileReference; lastKnownFileType = folder.assetcatalog; path = Assets.xcassets; sourceTree = "<group>"; };
		9A444950264170A6008DAC51 /* Preview Assets.xcassets */ = {isa = PBXFileReference; lastKnownFileType = folder.assetcatalog; path = "Preview Assets.xcassets"; sourceTree = "<group>"; };
		9A444952264170A6008DAC51 /* Info.plist */ = {isa = PBXFileReference; lastKnownFileType = text.plist.xml; path = Info.plist; sourceTree = "<group>"; };
		9A444957264170A6008DAC51 /* SwiftUIBulleyeV1Tests.xctest */ = {isa = PBXFileReference; explicitFileType = wrapper.cfbundle; includeInIndex = 0; path = SwiftUIBulleyeV1Tests.xctest; sourceTree = BUILT_PRODUCTS_DIR; };
		9A44495B264170A6008DAC51 /* SwiftUIBulleyeV1Tests.swift */ = {isa = PBXFileReference; lastKnownFileType = sourcecode.swift; path = SwiftUIBulleyeV1Tests.swift; sourceTree = "<group>"; };
		9A44495D264170A6008DAC51 /* Info.plist */ = {isa = PBXFileReference; lastKnownFileType = text.plist.xml; path = Info.plist; sourceTree = "<group>"; };
		9A444962264170A6008DAC51 /* SwiftUIBulleyeV1UITests.xctest */ = {isa = PBXFileReference; explicitFileType = wrapper.cfbundle; includeInIndex = 0; path = SwiftUIBulleyeV1UITests.xctest; sourceTree = BUILT_PRODUCTS_DIR; };
		9A444966264170A6008DAC51 /* SwiftUIBulleyeV1UITests.swift */ = {isa = PBXFileReference; lastKnownFileType = sourcecode.swift; path = SwiftUIBulleyeV1UITests.swift; sourceTree = "<group>"; };
		9A444968264170A6008DAC51 /* Info.plist */ = {isa = PBXFileReference; lastKnownFileType = text.plist.xml; path = Info.plist; sourceTree = "<group>"; };
		9ABD5C4726592554003E82D8 /* AboutView.swift */ = {isa = PBXFileReference; lastKnownFileType = sourcecode.swift; path = AboutView.swift; sourceTree = "<group>"; };
/* End PBXFileReference section */

/* Begin PBXFrameworksBuildPhase section */
		9A444943264170A3008DAC51 /* Frameworks */ = {
			isa = PBXFrameworksBuildPhase;
			buildActionMask = 2147483647;
			files = (
			);
			runOnlyForDeploymentPostprocessing = 0;
		};
		9A444954264170A6008DAC51 /* Frameworks */ = {
			isa = PBXFrameworksBuildPhase;
			buildActionMask = 2147483647;
			files = (
			);
			runOnlyForDeploymentPostprocessing = 0;
		};
		9A44495F264170A6008DAC51 /* Frameworks */ = {
			isa = PBXFrameworksBuildPhase;
			buildActionMask = 2147483647;
			files = (
			);
			runOnlyForDeploymentPostprocessing = 0;
		};
/* End PBXFrameworksBuildPhase section */

/* Begin PBXGroup section */
		9A44493D264170A3008DAC51 = {
			isa = PBXGroup;
			children = (
				9ABD5C4726592554003E82D8 /* AboutView.swift */,
				9A444948264170A3008DAC51 /* SwiftUIBulleyeV1 */,
				9A44495A264170A6008DAC51 /* SwiftUIBulleyeV1Tests */,
				9A444965264170A6008DAC51 /* SwiftUIBulleyeV1UITests */,
				9A444947264170A3008DAC51 /* Products */,
			);
			sourceTree = "<group>";
		};
		9A444947264170A3008DAC51 /* Products */ = {
			isa = PBXGroup;
			children = (
				9A444946264170A3008DAC51 /* SwiftUIBulleyeV1.app */,
				9A444957264170A6008DAC51 /* SwiftUIBulleyeV1Tests.xctest */,
				9A444962264170A6008DAC51 /* SwiftUIBulleyeV1UITests.xctest */,
			);
			name = Products;
			sourceTree = "<group>";
		};
		9A444948264170A3008DAC51 /* SwiftUIBulleyeV1 */ = {
			isa = PBXGroup;
			children = (
				9A444949264170A3008DAC51 /* SwiftUIBulleyeV1App.swift */,
				9A44494B264170A3008DAC51 /* ContentView.swift */,
				9A44494D264170A6008DAC51 /* Assets.xcassets */,
				9A444952264170A6008DAC51 /* Info.plist */,
				9A44494F264170A6008DAC51 /* Preview Content */,
			);
			path = SwiftUIBulleyeV1;
			sourceTree = "<group>";
		};
		9A44494F264170A6008DAC51 /* Preview Content */ = {
			isa = PBXGroup;
			children = (
				9A444950264170A6008DAC51 /* Preview Assets.xcassets */,
			);
			path = "Preview Content";
			sourceTree = "<group>";
		};
		9A44495A264170A6008DAC51 /* SwiftUIBulleyeV1Tests */ = {
			isa = PBXGroup;
			children = (
				9A44495B264170A6008DAC51 /* SwiftUIBulleyeV1Tests.swift */,
				9A44495D264170A6008DAC51 /* Info.plist */,
			);
			path = SwiftUIBulleyeV1Tests;
			sourceTree = "<group>";
		};
		9A444965264170A6008DAC51 /* SwiftUIBulleyeV1UITests */ = {
			isa = PBXGroup;
			children = (
				9A444966264170A6008DAC51 /* SwiftUIBulleyeV1UITests.swift */,
				9A444968264170A6008DAC51 /* Info.plist */,
			);
			path = SwiftUIBulleyeV1UITests;
			sourceTree = "<group>";
		};
/* End PBXGroup section */

/* Begin PBXNativeTarget section */
		9A444945264170A3008DAC51 /* SwiftUIBulleyeV1 */ = {
			isa = PBXNativeTarget;
			buildConfigurationList = 9A44496B264170A6008DAC51 /* Build configuration list for PBXNativeTarget "SwiftUIBulleyeV1" */;
			buildPhases = (
				9A444942264170A3008DAC51 /* Sources */,
				9A444943264170A3008DAC51 /* Frameworks */,
				9A444944264170A3008DAC51 /* Resources */,
			);
			buildRules = (
			);
			dependencies = (
			);
			name = SwiftUIBulleyeV1;
			productName = SwiftUIBulleyeV1;
			productReference = 9A444946264170A3008DAC51 /* SwiftUIBulleyeV1.app */;
			productType = "com.apple.product-type.application";
		};
		9A444956264170A6008DAC51 /* SwiftUIBulleyeV1Tests */ = {
			isa = PBXNativeTarget;
			buildConfigurationList = 9A44496E264170A6008DAC51 /* Build configuration list for PBXNativeTarget "SwiftUIBulleyeV1Tests" */;
			buildPhases = (
				9A444953264170A6008DAC51 /* Sources */,
				9A444954264170A6008DAC51 /* Frameworks */,
				9A444955264170A6008DAC51 /* Resources */,
			);
			buildRules = (
			);
			dependencies = (
				9A444959264170A6008DAC51 /* PBXTargetDependency */,
			);
			name = SwiftUIBulleyeV1Tests;
			productName = SwiftUIBulleyeV1Tests;
			productReference = 9A444957264170A6008DAC51 /* SwiftUIBulleyeV1Tests.xctest */;
			productType = "com.apple.product-type.bundle.unit-test";
		};
		9A444961264170A6008DAC51 /* SwiftUIBulleyeV1UITests */ = {
			isa = PBXNativeTarget;
			buildConfigurationList = 9A444971264170A6008DAC51 /* Build configuration list for PBXNativeTarget "SwiftUIBulleyeV1UITests" */;
			buildPhases = (
				9A44495E264170A6008DAC51 /* Sources */,
				9A44495F264170A6008DAC51 /* Frameworks */,
				9A444960264170A6008DAC51 /* Resources */,
			);
			buildRules = (
			);
			dependencies = (
				9A444964264170A6008DAC51 /* PBXTargetDependency */,
			);
			name = SwiftUIBulleyeV1UITests;
			productName = SwiftUIBulleyeV1UITests;
			productReference = 9A444962264170A6008DAC51 /* SwiftUIBulleyeV1UITests.xctest */;
			productType = "com.apple.product-type.bundle.ui-testing";
		};
/* End PBXNativeTarget section */

/* Begin PBXProject section */
		9A44493E264170A3008DAC51 /* Project object */ = {
			isa = PBXProject;
			attributes = {
				LastSwiftUpdateCheck = 1250;
				LastUpgradeCheck = 1250;
				TargetAttributes = {
					9A444945264170A3008DAC51 = {
						CreatedOnToolsVersion = 12.5;
					};
					9A444956264170A6008DAC51 = {
						CreatedOnToolsVersion = 12.5;
						TestTargetID = 9A444945264170A3008DAC51;
					};
					9A444961264170A6008DAC51 = {
						CreatedOnToolsVersion = 12.5;
						TestTargetID = 9A444945264170A3008DAC51;
					};
				};
			};
			buildConfigurationList = 9A444941264170A3008DAC51 /* Build configuration list for PBXProject "SwiftUIBulleyeV1" */;
			compatibilityVersion = "Xcode 9.3";
			developmentRegion = en;
			hasScannedForEncodings = 0;
			knownRegions = (
				en,
				Base,
			);
			mainGroup = 9A44493D264170A3008DAC51;
			productRefGroup = 9A444947264170A3008DAC51 /* Products */;
			projectDirPath = "";
			projectRoot = "";
			targets = (
				9A444945264170A3008DAC51 /* SwiftUIBulleyeV1 */,
				9A444956264170A6008DAC51 /* SwiftUIBulleyeV1Tests */,
				9A444961264170A6008DAC51 /* SwiftUIBulleyeV1UITests */,
			);
		};
/* End PBXProject section */

/* Begin PBXResourcesBuildPhase section */
		9A444944264170A3008DAC51 /* Resources */ = {
			isa = PBXResourcesBuildPhase;
			buildActionMask = 2147483647;
			files = (
				9A444951264170A6008DAC51 /* Preview Assets.xcassets in Resources */,
				9A44494E264170A6008DAC51 /* Assets.xcassets in Resources */,
			);
			runOnlyForDeploymentPostprocessing = 0;
		};
		9A444955264170A6008DAC51 /* Resources */ = {
			isa = PBXResourcesBuildPhase;
			buildActionMask = 2147483647;
			files = (
			);
			runOnlyForDeploymentPostprocessing = 0;
		};
		9A444960264170A6008DAC51 /* Resources */ = {
			isa = PBXResourcesBuildPhase;
			buildActionMask = 2147483647;
			files = (
			);
			runOnlyForDeploymentPostprocessing = 0;
		};
/* End PBXResourcesBuildPhase section */

/* Begin PBXSourcesBuildPhase section */
		9A444942264170A3008DAC51 /* Sources */ = {
			isa = PBXSourcesBuildPhase;
			buildActionMask = 2147483647;
			files = (
				9A44494C264170A3008DAC51 /* ContentView.swift in Sources */,
				9ABD5C4826592554003E82D8 /* AboutView.swift in Sources */,
				9A44494A264170A3008DAC51 /* SwiftUIBulleyeV1App.swift in Sources */,
			);
			runOnlyForDeploymentPostprocessing = 0;
		};
		9A444953264170A6008DAC51 /* Sources */ = {
			isa = PBXSourcesBuildPhase;
			buildActionMask = 2147483647;
			files = (
				9A44495C264170A6008DAC51 /* SwiftUIBulleyeV1Tests.swift in Sources */,
			);
			runOnlyForDeploymentPostprocessing = 0;
		};
		9A44495E264170A6008DAC51 /* Sources */ = {
			isa = PBXSourcesBuildPhase;
			buildActionMask = 2147483647;
			files = (
				9A444967264170A6008DAC51 /* SwiftUIBulleyeV1UITests.swift in Sources */,
			);
			runOnlyForDeploymentPostprocessing = 0;
		};
/* End PBXSourcesBuildPhase section */

/* Begin PBXTargetDependency section */
		9A444959264170A6008DAC51 /* PBXTargetDependency */ = {
			isa = PBXTargetDependency;
			target = 9A444945264170A3008DAC51 /* SwiftUIBulleyeV1 */;
			targetProxy = 9A444958264170A6008DAC51 /* PBXContainerItemProxy */;
		};
		9A444964264170A6008DAC51 /* PBXTargetDependency */ = {
			isa = PBXTargetDependency;
			target = 9A444945264170A3008DAC51 /* SwiftUIBulleyeV1 */;
			targetProxy = 9A444963264170A6008DAC51 /* PBXContainerItemProxy */;
		};
/* End PBXTargetDependency section */

/* Begin XCBuildConfiguration section */
		9A444969264170A6008DAC51 /* Debug */ = {
			isa = XCBuildConfiguration;
			buildSettings = {
				ALWAYS_SEARCH_USER_PATHS = NO;
				CLANG_ANALYZER_NONNULL = YES;
				CLANG_ANALYZER_NUMBER_OBJECT_CONVERSION = YES_AGGRESSIVE;
				CLANG_CXX_LANGUAGE_STANDARD = "gnu++14";
				CLANG_CXX_LIBRARY = "libc++";
				CLANG_ENABLE_MODULES = YES;
				CLANG_ENABLE_OBJC_ARC = YES;
				CLANG_ENABLE_OBJC_WEAK = YES;
				CLANG_WARN_BLOCK_CAPTURE_AUTORELEASING = YES;
				CLANG_WARN_BOOL_CONVERSION = YES;
				CLANG_WARN_COMMA = YES;
				CLANG_WARN_CONSTANT_CONVERSION = YES;
				CLANG_WARN_DEPRECATED_OBJC_IMPLEMENTATIONS = YES;
				CLANG_WARN_DIRECT_OBJC_ISA_USAGE = YES_ERROR;
				CLANG_WARN_DOCUMENTATION_COMMENTS = YES;
				CLANG_WARN_EMPTY_BODY = YES;
				CLANG_WARN_ENUM_CONVERSION = YES;
				CLANG_WARN_INFINITE_RECURSION = YES;
				CLANG_WARN_INT_CONVERSION = YES;
				CLANG_WARN_NON_LITERAL_NULL_CONVERSION = YES;
				CLANG_WARN_OBJC_IMPLICIT_RETAIN_SELF = YES;
				CLANG_WARN_OBJC_LITERAL_CONVERSION = YES;
				CLANG_WARN_OBJC_ROOT_CLASS = YES_ERROR;
				CLANG_WARN_QUOTED_INCLUDE_IN_FRAMEWORK_HEADER = YES;
				CLANG_WARN_RANGE_LOOP_ANALYSIS = YES;
				CLANG_WARN_STRICT_PROTOTYPES = YES;
				CLANG_WARN_SUSPICIOUS_MOVE = YES;
				CLANG_WARN_UNGUARDED_AVAILABILITY = YES_AGGRESSIVE;
				CLANG_WARN_UNREACHABLE_CODE = YES;
				CLANG_WARN__DUPLICATE_METHOD_MATCH = YES;
				COPY_PHASE_STRIP = NO;
				DEBUG_INFORMATION_FORMAT = dwarf;
				ENABLE_STRICT_OBJC_MSGSEND = YES;
				ENABLE_TESTABILITY = YES;
				GCC_C_LANGUAGE_STANDARD = gnu11;
				GCC_DYNAMIC_NO_PIC = NO;
				GCC_NO_COMMON_BLOCKS = YES;
				GCC_OPTIMIZATION_LEVEL = 0;
				GCC_PREPROCESSOR_DEFINITIONS = (
					"DEBUG=1",
					"$(inherited)",
				);
				GCC_WARN_64_TO_32_BIT_CONVERSION = YES;
				GCC_WARN_ABOUT_RETURN_TYPE = YES_ERROR;
				GCC_WARN_UNDECLARED_SELECTOR = YES;
				GCC_WARN_UNINITIALIZED_AUTOS = YES_AGGRESSIVE;
				GCC_WARN_UNUSED_FUNCTION = YES;
				GCC_WARN_UNUSED_VARIABLE = YES;
				IPHONEOS_DEPLOYMENT_TARGET = 14.5;
				MTL_ENABLE_DEBUG_INFO = INCLUDE_SOURCE;
				MTL_FAST_MATH = YES;
				ONLY_ACTIVE_ARCH = YES;
				SDKROOT = iphoneos;
				SWIFT_ACTIVE_COMPILATION_CONDITIONS = DEBUG;
				SWIFT_OPTIMIZATION_LEVEL = "-Onone";
			};
			name = Debug;
		};
		9A44496A264170A6008DAC51 /* Release */ = {
			isa = XCBuildConfiguration;
			buildSettings = {
				ALWAYS_SEARCH_USER_PATHS = NO;
				CLANG_ANALYZER_NONNULL = YES;
				CLANG_ANALYZER_NUMBER_OBJECT_CONVERSION = YES_AGGRESSIVE;
				CLANG_CXX_LANGUAGE_STANDARD = "gnu++14";
				CLANG_CXX_LIBRARY = "libc++";
				CLANG_ENABLE_MODULES = YES;
				CLANG_ENABLE_OBJC_ARC = YES;
				CLANG_ENABLE_OBJC_WEAK = YES;
				CLANG_WARN_BLOCK_CAPTURE_AUTORELEASING = YES;
				CLANG_WARN_BOOL_CONVERSION = YES;
				CLANG_WARN_COMMA = YES;
				CLANG_WARN_CONSTANT_CONVERSION = YES;
				CLANG_WARN_DEPRECATED_OBJC_IMPLEMENTATIONS = YES;
				CLANG_WARN_DIRECT_OBJC_ISA_USAGE = YES_ERROR;
				CLANG_WARN_DOCUMENTATION_COMMENTS = YES;
				CLANG_WARN_EMPTY_BODY = YES;
				CLANG_WARN_ENUM_CONVERSION = YES;
				CLANG_WARN_INFINITE_RECURSION = YES;
				CLANG_WARN_INT_CONVERSION = YES;
				CLANG_WARN_NON_LITERAL_NULL_CONVERSION = YES;
				CLANG_WARN_OBJC_IMPLICIT_RETAIN_SELF = YES;
				CLANG_WARN_OBJC_LITERAL_CONVERSION = YES;
				CLANG_WARN_OBJC_ROOT_CLASS = YES_ERROR;
				CLANG_WARN_QUOTED_INCLUDE_IN_FRAMEWORK_HEADER = YES;
				CLANG_WARN_RANGE_LOOP_ANALYSIS = YES;
				CLANG_WARN_STRICT_PROTOTYPES = YES;
				CLANG_WARN_SUSPICIOUS_MOVE = YES;
				CLANG_WARN_UNGUARDED_AVAILABILITY = YES_AGGRESSIVE;
				CLANG_WARN_UNREACHABLE_CODE = YES;
				CLANG_WARN__DUPLICATE_METHOD_MATCH = YES;
				COPY_PHASE_STRIP = NO;
				DEBUG_INFORMATION_FORMAT = "dwarf-with-dsym";
				ENABLE_NS_ASSERTIONS = NO;
				ENABLE_STRICT_OBJC_MSGSEND = YES;
				GCC_C_LANGUAGE_STANDARD = gnu11;
				GCC_NO_COMMON_BLOCKS = YES;
				GCC_WARN_64_TO_32_BIT_CONVERSION = YES;
				GCC_WARN_ABOUT_RETURN_TYPE = YES_ERROR;
				GCC_WARN_UNDECLARED_SELECTOR = YES;
				GCC_WARN_UNINITIALIZED_AUTOS = YES_AGGRESSIVE;
				GCC_WARN_UNUSED_FUNCTION = YES;
				GCC_WARN_UNUSED_VARIABLE = YES;
				IPHONEOS_DEPLOYMENT_TARGET = 14.5;
				MTL_ENABLE_DEBUG_INFO = NO;
				MTL_FAST_MATH = YES;
				SDKROOT = iphoneos;
				SWIFT_COMPILATION_MODE = wholemodule;
				SWIFT_OPTIMIZATION_LEVEL = "-O";
				VALIDATE_PRODUCT = YES;
			};
			name = Release;
		};
		9A44496C264170A6008DAC51 /* Debug */ = {
			isa = XCBuildConfiguration;
			buildSettings = {
				ASSETCATALOG_COMPILER_APPICON_NAME = AppIcon;
				ASSETCATALOG_COMPILER_GLOBAL_ACCENT_COLOR_NAME = AccentColor;
				CODE_SIGN_STYLE = Automatic;
				DEVELOPMENT_ASSET_PATHS = "\"SwiftUIBulleyeV1/Preview Content\"";
				DEVELOPMENT_TEAM = 3Y3Z2Z567H;
				ENABLE_PREVIEWS = YES;
				INFOPLIST_FILE = SwiftUIBulleyeV1/Info.plist;
				IPHONEOS_DEPLOYMENT_TARGET = 14.0;
				LD_RUNPATH_SEARCH_PATHS = (
					"$(inherited)",
					"@executable_path/Frameworks",
				);
				PRODUCT_BUNDLE_IDENTIFIER = kr.ac.sogang.20161563.SwiftUIBulleyeV1;
				PRODUCT_NAME = "$(TARGET_NAME)";
				SWIFT_VERSION = 5.0;
				TARGETED_DEVICE_FAMILY = "1,2";
			};
			name = Debug;
		};
		9A44496D264170A6008DAC51 /* Release */ = {
			isa = XCBuildConfiguration;
			buildSettings = {
				ASSETCATALOG_COMPILER_APPICON_NAME = AppIcon;
				ASSETCATALOG_COMPILER_GLOBAL_ACCENT_COLOR_NAME = AccentColor;
				CODE_SIGN_STYLE = Automatic;
				DEVELOPMENT_ASSET_PATHS = "\"SwiftUIBulleyeV1/Preview Content\"";
				DEVELOPMENT_TEAM = 3Y3Z2Z567H;
				ENABLE_PREVIEWS = YES;
				INFOPLIST_FILE = SwiftUIBulleyeV1/Info.plist;
				IPHONEOS_DEPLOYMENT_TARGET = 14.0;
				LD_RUNPATH_SEARCH_PATHS = (
					"$(inherited)",
					"@executable_path/Frameworks",
				);
				PRODUCT_BUNDLE_IDENTIFIER = kr.ac.sogang.20161563.SwiftUIBulleyeV1;
				PRODUCT_NAME = "$(TARGET_NAME)";
				SWIFT_VERSION = 5.0;
				TARGETED_DEVICE_FAMILY = "1,2";
			};
			name = Release;
		};
		9A44496F264170A6008DAC51 /* Debug */ = {
			isa = XCBuildConfiguration;
			buildSettings = {
				ALWAYS_EMBED_SWIFT_STANDARD_LIBRARIES = YES;
				BUNDLE_LOADER = "$(TEST_HOST)";
				CODE_SIGN_STYLE = Automatic;
				DEVELOPMENT_TEAM = 3Y3Z2Z567H;
				INFOPLIST_FILE = SwiftUIBulleyeV1Tests/Info.plist;
				IPHONEOS_DEPLOYMENT_TARGET = 14.0;
				LD_RUNPATH_SEARCH_PATHS = (
					"$(inherited)",
					"@executable_path/Frameworks",
					"@loader_path/Frameworks",
				);
				PRODUCT_BUNDLE_IDENTIFIER = kr.ac.sogang.20161563.SwiftUIBulleyeV1Tests;
				PRODUCT_NAME = "$(TARGET_NAME)";
				SWIFT_VERSION = 5.0;
				TARGETED_DEVICE_FAMILY = "1,2";
				TEST_HOST = "$(BUILT_PRODUCTS_DIR)/SwiftUIBulleyeV1.app/SwiftUIBulleyeV1";
			};
			name = Debug;
		};
		9A444970264170A6008DAC51 /* Release */ = {
			isa = XCBuildConfiguration;
			buildSettings = {
				ALWAYS_EMBED_SWIFT_STANDARD_LIBRARIES = YES;
				BUNDLE_LOADER = "$(TEST_HOST)";
				CODE_SIGN_STYLE = Automatic;
				DEVELOPMENT_TEAM = 3Y3Z2Z567H;
				INFOPLIST_FILE = SwiftUIBulleyeV1Tests/Info.plist;
				IPHONEOS_DEPLOYMENT_TARGET = 14.0;
				LD_RUNPATH_SEARCH_PATHS = (
					"$(inherited)",
					"@executable_path/Frameworks",
					"@loader_path/Frameworks",
				);
				PRODUCT_BUNDLE_IDENTIFIER = kr.ac.sogang.20161563.SwiftUIBulleyeV1Tests;
				PRODUCT_NAME = "$(TARGET_NAME)";
				SWIFT_VERSION = 5.0;
				TARGETED_DEVICE_FAMILY = "1,2";
				TEST_HOST = "$(BUILT_PRODUCTS_DIR)/SwiftUIBulleyeV1.app/SwiftUIBulleyeV1";
			};
			name = Release;
		};
		9A444972264170A6008DAC51 /* Debug */ = {
			isa = XCBuildConfiguration;
			buildSettings = {
				ALWAYS_EMBED_SWIFT_STANDARD_LIBRARIES = YES;
				CODE_SIGN_STYLE = Automatic;
				DEVELOPMENT_TEAM = 3Y3Z2Z567H;
				INFOPLIST_FILE = SwiftUIBulleyeV1UITests/Info.plist;
				LD_RUNPATH_SEARCH_PATHS = (
					"$(inherited)",
					"@executable_path/Frameworks",
					"@loader_path/Frameworks",
				);
				PRODUCT_BUNDLE_IDENTIFIER = kr.ac.sogang.20161563.SwiftUIBulleyeV1UITests;
				PRODUCT_NAME = "$(TARGET_NAME)";
				SWIFT_VERSION = 5.0;
				TARGETED_DEVICE_FAMILY = "1,2";
				TEST_TARGET_NAME = SwiftUIBulleyeV1;
			};
			name = Debug;
		};
		9A444973264170A6008DAC51 /* Release */ = {
			isa = XCBuildConfiguration;
			buildSettings = {
				ALWAYS_EMBED_SWIFT_STANDARD_LIBRARIES = YES;
				CODE_SIGN_STYLE = Automatic;
				DEVELOPMENT_TEAM = 3Y3Z2Z567H;
				INFOPLIST_FILE = SwiftUIBulleyeV1UITests/Info.plist;
				LD_RUNPATH_SEARCH_PATHS = (
					"$(inherited)",
					"@executable_path/Frameworks",
					"@loader_path/Frameworks",
				);
				PRODUCT_BUNDLE_IDENTIFIER = kr.ac.sogang.20161563.SwiftUIBulleyeV1UITests;
				PRODUCT_NAME = "$(TARGET_NAME)";
				SWIFT_VERSION = 5.0;
				TARGETED_DEVICE_FAMILY = "1,2";
				TEST_TARGET_NAME = SwiftUIBulleyeV1;
			};
			name = Release;
		};
/* End XCBuildConfiguration section */

/* Begin XCConfigurationList section */
		9A444941264170A3008DAC51 /* Build configuration list for PBXProject "SwiftUIBulleyeV1" */ = {
			isa = XCConfigurationList;
			buildConfigurations = (
				9A444969264170A6008DAC51 /* Debug */,
				9A44496A264170A6008DAC51 /* Release */,
			);
			defaultConfigurationIsVisible = 0;
			defaultConfigurationName = Release;
		};
		9A44496B264170A6008DAC51 /* Build configuration list for PBXNativeTarget "SwiftUIBulleyeV1" */ = {
			isa = XCConfigurationList;
			buildConfigurations = (
				9A44496C264170A6008DAC51 /* Debug */,
				9A44496D264170A6008DAC51 /* Release */,
			);
			defaultConfigurationIsVisible = 0;
			defaultConfigurationName = Release;
		};
		9A44496E264170A6008DAC51 /* Build configuration list for PBXNativeTarget "SwiftUIBulleyeV1Tests" */ = {
			isa = XCConfigurationList;
			buildConfigurations = (
				9A44496F264170A6008DAC51 /* Debug */,
				9A444970264170A6008DAC51 /* Release */,
			);
			defaultConfigurationIsVisible = 0;
			defaultConfigurationName = Release;
		};
		9A444971264170A6008DAC51 /* Build configuration list for PBXNativeTarget "SwiftUIBulleyeV1UITests" */ = {
			isa = XCConfigurationList;
			buildConfigurations = (
				9A444972264170A6008DAC51 /* Debug */,
				9A444973264170A6008DAC51 /* Release */,
			);
			defaultConfigurationIsVisible = 0;
			defaultConfigurationName = Release;
		};
/* End XCConfigurationList section */
	};
	rootObject = 9A44493E264170A3008DAC51 /* Project object */;
}
